
Microsoft Visual Studio Solution File, Format Version 12.00
# Visual Studio 2013
VisualStudioVersion = 12.0.21005.1
MinimumVisualStudioVersion = 10.0.40219.1
Project("{FAE04EC0-301F-11D3-BF4B-00C04F79EFBC}") = "01. ColorfullRabbits", "01. ColorfullRabbits\01. ColorfullRabbits.csproj", "{A2780923-2ED0-472E-9BD1-B235434BD331}"
EndProject
Project("{FAE04EC0-301F-11D3-BF4B-00C04F79EFBC}") = "02. ColorBalls", "02. ColorBalls\02. ColorBalls.csproj", "{8222010B-4435-41BC-97B1-7DF0AD386844}"
EndProject
Project("{FAE04EC0-301F-11D3-BF4B-00C04F79EFBC}") = "03. DoublePasswords", "03. DoublePasswords\03. DoublePasswords.csproj", "{9A69A43F-5F6B-45E4-B5BA-720DD90DD7E4}"
EndProject
Global
	GlobalSection(SolutionConfigurationPlatforms) = preSolution
		Debug|Any CPU = Debug|Any CPU
		Release|Any CPU = Release|Any CPU
	EndGlobalSection
	GlobalSection(ProjectConfigurationPlatforms) = postSolution
		{A2780923-2ED0-472E-9BD1-B235434BD331}.Debug|Any CPU.ActiveCfg = Debug|Any CPU
		{A2780923-2ED0-472E-9BD1-B235434BD331}.Debug|Any CPU.Build.0 = Debug|Any CPU
		{A2780923-2ED0-472E-9BD1-B235434BD331}.Release|Any CPU.ActiveCfg = Release|Any CPU
		{A2780923-2ED0-472E-9BD1-B235434BD331}.Release|Any CPU.Build.0 = Release|Any CPU
		{8222010B-4435-41BC-97B1-7DF0AD386844}.Debug|Any CPU.ActiveCfg = Debug|Any CPU
		{8222010B-4435-41BC-97B1-7DF0AD386844}.Debug|Any CPU.Build.0 = Debug|Any CPU
		{8222010B-4435-41BC-97B1-7DF0AD386844}.Release|Any CPU.ActiveCfg = Release|Any CPU
		{8222010B-4435-41BC-97B1-7DF0AD386844}.Release|Any CPU.Build.0 = Release|Any CPU
		{9A69A43F-5F6B-45E4-B5BA-720DD90DD7E4}.Debug|Any CPU.ActiveCfg = Debug|Any CPU
		{9A69A43F-5F6B-45E4-B5BA-720DD90DD7E4}.Debug|Any CPU.Build.0 = Debug|Any CPU
		{9A69A43F-5F6B-45E4-B5BA-720DD90DD7E4}.Release|Any CPU.ActiveCfg = Release|Any CPU
		{9A69A43F-5F6B-45E4-B5BA-720DD90DD7E4}.Release|Any CPU.Build.0 = Release|Any CPU
	EndGlobalSection
	GlobalSection(SolutionProperties) = preSolution
		HideSolutionNode = FALSE
	EndGlobalSection
EndGlobal
