
Microsoft Visual Studio Solution File, Format Version 12.00
# Visual Studio 2013
VisualStudioVersion = 12.0.40629.0
MinimumVisualStudioVersion = 10.0.40219.1
Project("{FAE04EC0-301F-11D3-BF4B-00C04F79EFBC}") = "01. SequenceOfPositiveIntegers", "01. SequenceOfPositiveIntegers\01. SequenceOfPositiveIntegers.csproj", "{DF7A0AAD-7177-4232-9666-054297E86BFE}"
EndProject
Project("{FAE04EC0-301F-11D3-BF4B-00C04F79EFBC}") = "02. ReverseIntegersWithStack", "02. ReverseIntegersWithStack\02. ReverseIntegersWithStack.csproj", "{6D6D517A-FAFB-4803-A0E9-E0247D12EB17}"
EndProject
Project("{FAE04EC0-301F-11D3-BF4B-00C04F79EFBC}") = "03. SortIntegersIncreasingly", "03. SortIntegersIncreasingly\03. SortIntegersIncreasingly.csproj", "{0DD3A5B8-7A58-4ED1-B45C-26E0C70ADC30}"
EndProject
Project("{FAE04EC0-301F-11D3-BF4B-00C04F79EFBC}") = "04. FindSubsequenceOfEqualNumbers", "04. FindSubsequenceOfEqualNumbers\04. FindSubsequenceOfEqualNumbers.csproj", "{E08F20EA-E017-4D7B-B3E1-0C060C1095F1}"
EndProject
Project("{FAE04EC0-301F-11D3-BF4B-00C04F79EFBC}") = "05. RemoveNegativeNumbers", "05. RemoveNegativeNumbers\05. RemoveNegativeNumbers.csproj", "{2A923196-247C-44F2-BCC8-E7044D211094}"
EndProject
Project("{FAE04EC0-301F-11D3-BF4B-00C04F79EFBC}") = "06. RemoveAllOddOccurences", "06. RemoveAllOddOccurences\06. RemoveAllOddOccurences.csproj", "{D74A2D34-0232-4374-BDDD-5635454AC48B}"
EndProject
Project("{FAE04EC0-301F-11D3-BF4B-00C04F79EFBC}") = "07. CountEachNumberOccurence", "07. CountEachNumberOccurence\07. CountEachNumberOccurence.csproj", "{ED2740A9-E988-4EBB-953B-4B6C7A6C1873}"
EndProject
Project("{FAE04EC0-301F-11D3-BF4B-00C04F79EFBC}") = "08. FindMajorantInArray", "08. FindMajorantInArray\08. FindMajorantInArray.csproj", "{8FF67158-B880-4430-BDA6-A9FB5449B4B3}"
EndProject
Project("{FAE04EC0-301F-11D3-BF4B-00C04F79EFBC}") = "09. PrintFifyMemberForN", "09. PrintFifyMemberForN\09. PrintFifyMemberForN.csproj", "{F34FE0BF-6AD6-4260-A65B-F097525E9773}"
EndProject
Project("{FAE04EC0-301F-11D3-BF4B-00C04F79EFBC}") = "10. NAndMOperations", "10. NAndMOperations\10. NAndMOperations.csproj", "{668E84E4-E204-41C1-B71B-9D031919810A}"
EndProject
Project("{FAE04EC0-301F-11D3-BF4B-00C04F79EFBC}") = "11. LinkedListImplementation", "11. LinkedListImplementation\11. LinkedListImplementation.csproj", "{C198E4BB-9F6B-4DE0-99F8-E831995053EA}"
EndProject
Project("{FAE04EC0-301F-11D3-BF4B-00C04F79EFBC}") = "12. StackImplementation", "12. StackImplementation\12. StackImplementation.csproj", "{6824D54C-022E-4A57-A9E1-43EE2FE26DAB}"
EndProject
Project("{FAE04EC0-301F-11D3-BF4B-00C04F79EFBC}") = "13. QueueImplementation", "QueueImplementation\13. QueueImplementation.csproj", "{225C3E04-8945-46D2-ACD2-80BC39D225C3}"
EndProject
Project("{FAE04EC0-301F-11D3-BF4B-00C04F79EFBC}") = "14. Labyrinth", "14. Labyrinth\14. Labyrinth.csproj", "{5F4D2645-E458-45C2-A07E-D7D7EE57DCC7}"
EndProject
Global
	GlobalSection(SolutionConfigurationPlatforms) = preSolution
		Debug|Any CPU = Debug|Any CPU
		Release|Any CPU = Release|Any CPU
	EndGlobalSection
	GlobalSection(ProjectConfigurationPlatforms) = postSolution
		{DF7A0AAD-7177-4232-9666-054297E86BFE}.Debug|Any CPU.ActiveCfg = Debug|Any CPU
		{DF7A0AAD-7177-4232-9666-054297E86BFE}.Debug|Any CPU.Build.0 = Debug|Any CPU
		{DF7A0AAD-7177-4232-9666-054297E86BFE}.Release|Any CPU.ActiveCfg = Release|Any CPU
		{DF7A0AAD-7177-4232-9666-054297E86BFE}.Release|Any CPU.Build.0 = Release|Any CPU
		{6D6D517A-FAFB-4803-A0E9-E0247D12EB17}.Debug|Any CPU.ActiveCfg = Debug|Any CPU
		{6D6D517A-FAFB-4803-A0E9-E0247D12EB17}.Debug|Any CPU.Build.0 = Debug|Any CPU
		{6D6D517A-FAFB-4803-A0E9-E0247D12EB17}.Release|Any CPU.ActiveCfg = Release|Any CPU
		{6D6D517A-FAFB-4803-A0E9-E0247D12EB17}.Release|Any CPU.Build.0 = Release|Any CPU
		{0DD3A5B8-7A58-4ED1-B45C-26E0C70ADC30}.Debug|Any CPU.ActiveCfg = Debug|Any CPU
		{0DD3A5B8-7A58-4ED1-B45C-26E0C70ADC30}.Debug|Any CPU.Build.0 = Debug|Any CPU
		{0DD3A5B8-7A58-4ED1-B45C-26E0C70ADC30}.Release|Any CPU.ActiveCfg = Release|Any CPU
		{0DD3A5B8-7A58-4ED1-B45C-26E0C70ADC30}.Release|Any CPU.Build.0 = Release|Any CPU
		{E08F20EA-E017-4D7B-B3E1-0C060C1095F1}.Debug|Any CPU.ActiveCfg = Debug|Any CPU
		{E08F20EA-E017-4D7B-B3E1-0C060C1095F1}.Debug|Any CPU.Build.0 = Debug|Any CPU
		{E08F20EA-E017-4D7B-B3E1-0C060C1095F1}.Release|Any CPU.ActiveCfg = Release|Any CPU
		{E08F20EA-E017-4D7B-B3E1-0C060C1095F1}.Release|Any CPU.Build.0 = Release|Any CPU
		{2A923196-247C-44F2-BCC8-E7044D211094}.Debug|Any CPU.ActiveCfg = Debug|Any CPU
		{2A923196-247C-44F2-BCC8-E7044D211094}.Debug|Any CPU.Build.0 = Debug|Any CPU
		{2A923196-247C-44F2-BCC8-E7044D211094}.Release|Any CPU.ActiveCfg = Release|Any CPU
		{2A923196-247C-44F2-BCC8-E7044D211094}.Release|Any CPU.Build.0 = Release|Any CPU
		{D74A2D34-0232-4374-BDDD-5635454AC48B}.Debug|Any CPU.ActiveCfg = Debug|Any CPU
		{D74A2D34-0232-4374-BDDD-5635454AC48B}.Debug|Any CPU.Build.0 = Debug|Any CPU
		{D74A2D34-0232-4374-BDDD-5635454AC48B}.Release|Any CPU.ActiveCfg = Release|Any CPU
		{D74A2D34-0232-4374-BDDD-5635454AC48B}.Release|Any CPU.Build.0 = Release|Any CPU
		{ED2740A9-E988-4EBB-953B-4B6C7A6C1873}.Debug|Any CPU.ActiveCfg = Debug|Any CPU
		{ED2740A9-E988-4EBB-953B-4B6C7A6C1873}.Debug|Any CPU.Build.0 = Debug|Any CPU
		{ED2740A9-E988-4EBB-953B-4B6C7A6C1873}.Release|Any CPU.ActiveCfg = Release|Any CPU
		{ED2740A9-E988-4EBB-953B-4B6C7A6C1873}.Release|Any CPU.Build.0 = Release|Any CPU
		{8FF67158-B880-4430-BDA6-A9FB5449B4B3}.Debug|Any CPU.ActiveCfg = Debug|Any CPU
		{8FF67158-B880-4430-BDA6-A9FB5449B4B3}.Debug|Any CPU.Build.0 = Debug|Any CPU
		{8FF67158-B880-4430-BDA6-A9FB5449B4B3}.Release|Any CPU.ActiveCfg = Release|Any CPU
		{8FF67158-B880-4430-BDA6-A9FB5449B4B3}.Release|Any CPU.Build.0 = Release|Any CPU
		{F34FE0BF-6AD6-4260-A65B-F097525E9773}.Debug|Any CPU.ActiveCfg = Debug|Any CPU
		{F34FE0BF-6AD6-4260-A65B-F097525E9773}.Debug|Any CPU.Build.0 = Debug|Any CPU
		{F34FE0BF-6AD6-4260-A65B-F097525E9773}.Release|Any CPU.ActiveCfg = Release|Any CPU
		{F34FE0BF-6AD6-4260-A65B-F097525E9773}.Release|Any CPU.Build.0 = Release|Any CPU
		{668E84E4-E204-41C1-B71B-9D031919810A}.Debug|Any CPU.ActiveCfg = Debug|Any CPU
		{668E84E4-E204-41C1-B71B-9D031919810A}.Debug|Any CPU.Build.0 = Debug|Any CPU
		{668E84E4-E204-41C1-B71B-9D031919810A}.Release|Any CPU.ActiveCfg = Release|Any CPU
		{668E84E4-E204-41C1-B71B-9D031919810A}.Release|Any CPU.Build.0 = Release|Any CPU
		{C198E4BB-9F6B-4DE0-99F8-E831995053EA}.Debug|Any CPU.ActiveCfg = Debug|Any CPU
		{C198E4BB-9F6B-4DE0-99F8-E831995053EA}.Debug|Any CPU.Build.0 = Debug|Any CPU
		{C198E4BB-9F6B-4DE0-99F8-E831995053EA}.Release|Any CPU.ActiveCfg = Release|Any CPU
		{C198E4BB-9F6B-4DE0-99F8-E831995053EA}.Release|Any CPU.Build.0 = Release|Any CPU
		{6824D54C-022E-4A57-A9E1-43EE2FE26DAB}.Debug|Any CPU.ActiveCfg = Debug|Any CPU
		{6824D54C-022E-4A57-A9E1-43EE2FE26DAB}.Debug|Any CPU.Build.0 = Debug|Any CPU
		{6824D54C-022E-4A57-A9E1-43EE2FE26DAB}.Release|Any CPU.ActiveCfg = Release|Any CPU
		{6824D54C-022E-4A57-A9E1-43EE2FE26DAB}.Release|Any CPU.Build.0 = Release|Any CPU
		{225C3E04-8945-46D2-ACD2-80BC39D225C3}.Debug|Any CPU.ActiveCfg = Debug|Any CPU
		{225C3E04-8945-46D2-ACD2-80BC39D225C3}.Debug|Any CPU.Build.0 = Debug|Any CPU
		{225C3E04-8945-46D2-ACD2-80BC39D225C3}.Release|Any CPU.ActiveCfg = Release|Any CPU
		{225C3E04-8945-46D2-ACD2-80BC39D225C3}.Release|Any CPU.Build.0 = Release|Any CPU
		{5F4D2645-E458-45C2-A07E-D7D7EE57DCC7}.Debug|Any CPU.ActiveCfg = Debug|Any CPU
		{5F4D2645-E458-45C2-A07E-D7D7EE57DCC7}.Debug|Any CPU.Build.0 = Debug|Any CPU
		{5F4D2645-E458-45C2-A07E-D7D7EE57DCC7}.Release|Any CPU.ActiveCfg = Release|Any CPU
		{5F4D2645-E458-45C2-A07E-D7D7EE57DCC7}.Release|Any CPU.Build.0 = Release|Any CPU
	EndGlobalSection
	GlobalSection(SolutionProperties) = preSolution
		HideSolutionNode = FALSE
	EndGlobalSection
EndGlobal
