
Microsoft Visual Studio Solution File, Format Version 12.00
# Visual Studio 14
VisualStudioVersion = 14.0.23107.0
MinimumVisualStudioVersion = 10.0.40219.1
Project("{FAE04EC0-301F-11D3-BF4B-00C04F79EFBC}") = "01. PriorityQueueImplementation", "PriorityQueueImplementation\01. PriorityQueueImplementation.csproj", "{39D3F5A5-7142-4578-B5AD-B09D6D237569}"
EndProject
Project("{FAE04EC0-301F-11D3-BF4B-00C04F79EFBC}") = "02. CollectionOfProducts", "02. CollectionOfProducts\02. CollectionOfProducts.csproj", "{8E2FFA57-36E1-48EA-86B3-E611E55EC9FD}"
EndProject
Project("{FAE04EC0-301F-11D3-BF4B-00C04F79EFBC}") = "03. FindWords", "03. FindWords\03. FindWords.csproj", "{48A84865-A844-43FE-AC66-FA7258EC68DD}"
EndProject
Global
	GlobalSection(SolutionConfigurationPlatforms) = preSolution
		Debug|Any CPU = Debug|Any CPU
		Release|Any CPU = Release|Any CPU
	EndGlobalSection
	GlobalSection(ProjectConfigurationPlatforms) = postSolution
		{39D3F5A5-7142-4578-B5AD-B09D6D237569}.Debug|Any CPU.ActiveCfg = Debug|Any CPU
		{39D3F5A5-7142-4578-B5AD-B09D6D237569}.Debug|Any CPU.Build.0 = Debug|Any CPU
		{39D3F5A5-7142-4578-B5AD-B09D6D237569}.Release|Any CPU.ActiveCfg = Release|Any CPU
		{39D3F5A5-7142-4578-B5AD-B09D6D237569}.Release|Any CPU.Build.0 = Release|Any CPU
		{8E2FFA57-36E1-48EA-86B3-E611E55EC9FD}.Debug|Any CPU.ActiveCfg = Debug|Any CPU
		{8E2FFA57-36E1-48EA-86B3-E611E55EC9FD}.Debug|Any CPU.Build.0 = Debug|Any CPU
		{8E2FFA57-36E1-48EA-86B3-E611E55EC9FD}.Release|Any CPU.ActiveCfg = Release|Any CPU
		{8E2FFA57-36E1-48EA-86B3-E611E55EC9FD}.Release|Any CPU.Build.0 = Release|Any CPU
		{48A84865-A844-43FE-AC66-FA7258EC68DD}.Debug|Any CPU.ActiveCfg = Debug|Any CPU
		{48A84865-A844-43FE-AC66-FA7258EC68DD}.Debug|Any CPU.Build.0 = Debug|Any CPU
		{48A84865-A844-43FE-AC66-FA7258EC68DD}.Release|Any CPU.ActiveCfg = Release|Any CPU
		{48A84865-A844-43FE-AC66-FA7258EC68DD}.Release|Any CPU.Build.0 = Release|Any CPU
	EndGlobalSection
	GlobalSection(SolutionProperties) = preSolution
		HideSolutionNode = FALSE
	EndGlobalSection
EndGlobal
