
Microsoft Visual Studio Solution File, Format Version 12.00
# Visual Studio 2013
VisualStudioVersion = 12.0.21005.1
MinimumVisualStudioVersion = 10.0.40219.1
Project("{FAE04EC0-301F-11D3-BF4B-00C04F79EFBC}") = "01. Frames", "01. Frames\01. Frames.csproj", "{E16D0CC8-58A5-454D-8684-8E4533EBC5FA}"
EndProject
Project("{FAE04EC0-301F-11D3-BF4B-00C04F79EFBC}") = "02. 3DLabyrinth", "02. 3DLabyrinth\02. 3DLabyrinth.csproj", "{D452BC41-407B-4EBE-89FC-9C3DA37475F9}"
EndProject
Project("{FAE04EC0-301F-11D3-BF4B-00C04F79EFBC}") = "03. SuperMarketQueue", "03. SuperMarketQueue\03. SuperMarketQueue.csproj", "{C9FE42D3-A303-45B2-AD12-ABE355681606}"
EndProject
Project("{FAE04EC0-301F-11D3-BF4B-00C04F79EFBC}") = "05. Businessmen", "05. Businessmen\05. Businessmen.csproj", "{340B24F6-2965-48D5-BA69-5A12EF2EAAC3}"
EndProject
Global
	GlobalSection(SolutionConfigurationPlatforms) = preSolution
		Debug|Any CPU = Debug|Any CPU
		Release|Any CPU = Release|Any CPU
	EndGlobalSection
	GlobalSection(ProjectConfigurationPlatforms) = postSolution
		{E16D0CC8-58A5-454D-8684-8E4533EBC5FA}.Debug|Any CPU.ActiveCfg = Debug|Any CPU
		{E16D0CC8-58A5-454D-8684-8E4533EBC5FA}.Debug|Any CPU.Build.0 = Debug|Any CPU
		{E16D0CC8-58A5-454D-8684-8E4533EBC5FA}.Release|Any CPU.ActiveCfg = Release|Any CPU
		{E16D0CC8-58A5-454D-8684-8E4533EBC5FA}.Release|Any CPU.Build.0 = Release|Any CPU
		{D452BC41-407B-4EBE-89FC-9C3DA37475F9}.Debug|Any CPU.ActiveCfg = Debug|Any CPU
		{D452BC41-407B-4EBE-89FC-9C3DA37475F9}.Debug|Any CPU.Build.0 = Debug|Any CPU
		{D452BC41-407B-4EBE-89FC-9C3DA37475F9}.Release|Any CPU.ActiveCfg = Release|Any CPU
		{D452BC41-407B-4EBE-89FC-9C3DA37475F9}.Release|Any CPU.Build.0 = Release|Any CPU
		{C9FE42D3-A303-45B2-AD12-ABE355681606}.Debug|Any CPU.ActiveCfg = Debug|Any CPU
		{C9FE42D3-A303-45B2-AD12-ABE355681606}.Debug|Any CPU.Build.0 = Debug|Any CPU
		{C9FE42D3-A303-45B2-AD12-ABE355681606}.Release|Any CPU.ActiveCfg = Release|Any CPU
		{C9FE42D3-A303-45B2-AD12-ABE355681606}.Release|Any CPU.Build.0 = Release|Any CPU
		{340B24F6-2965-48D5-BA69-5A12EF2EAAC3}.Debug|Any CPU.ActiveCfg = Debug|Any CPU
		{340B24F6-2965-48D5-BA69-5A12EF2EAAC3}.Debug|Any CPU.Build.0 = Debug|Any CPU
		{340B24F6-2965-48D5-BA69-5A12EF2EAAC3}.Release|Any CPU.ActiveCfg = Release|Any CPU
		{340B24F6-2965-48D5-BA69-5A12EF2EAAC3}.Release|Any CPU.Build.0 = Release|Any CPU
	EndGlobalSection
	GlobalSection(SolutionProperties) = preSolution
		HideSolutionNode = FALSE
	EndGlobalSection
EndGlobal
